
Microsoft Visual Studio Solution File, Format Version 12.00
# Visual Studio Version 17
VisualStudioVersion = 17.2.32802.462
MinimumVisualStudioVersion = 10.0.40219.1
Project("{FAE04EC0-301F-11D3-BF4B-00C04F79EFBC}") = "ZH2_UWRH74", "ZH2_UWRH74\ZH2_UWRH74.csproj", "{8FBB7AC4-A7DA-4DA5-8F90-90FC13FD1799}"
EndProject
Global
	GlobalSection(SolutionConfigurationPlatforms) = preSolution
		Debug|Any CPU = Debug|Any CPU
		Release|Any CPU = Release|Any CPU
	EndGlobalSection
	GlobalSection(ProjectConfigurationPlatforms) = postSolution
		{8FBB7AC4-A7DA-4DA5-8F90-90FC13FD1799}.Debug|Any CPU.ActiveCfg = Debug|Any CPU
		{8FBB7AC4-A7DA-4DA5-8F90-90FC13FD1799}.Debug|Any CPU.Build.0 = Debug|Any CPU
		{8FBB7AC4-A7DA-4DA5-8F90-90FC13FD1799}.Release|Any CPU.ActiveCfg = Release|Any CPU
		{8FBB7AC4-A7DA-4DA5-8F90-90FC13FD1799}.Release|Any CPU.Build.0 = Release|Any CPU
	EndGlobalSection
	GlobalSection(SolutionProperties) = preSolution
		HideSolutionNode = FALSE
	EndGlobalSection
	GlobalSection(ExtensibilityGlobals) = postSolution
		SolutionGuid = {C68306F6-8224-4B42-BEFC-D8ECEC7D1594}
	EndGlobalSection
EndGlobal
